<?xml version="1.0" encoding="utf-8"?>
<Project ToolsVersion="4.0" xmlns="http://schemas.microsoft.com/developer/msbuild/2003">
  <ItemGroup>
    <Filter Include="Source Files">
      <UniqueIdentifier>{4FC737F1-C7A5-4376-A066-2A32D752A2FF}</UniqueIdentifier>
      <Extensions>cpp;c;cc;cxx;def;odl;idl;hpj;bat;asm;asmx</Extensions>
    </Filter>
    <Filter Include="Header Files">
      <UniqueIdentifier>{93995380-89BD-4b04-88EB-625FBE52EBFB}</UniqueIdentifier>
      <Extensions>h;hh;hpp;hxx;hm;inl;inc;xsd</Extensions>
    </Filter>
    <Filter Include="Resource Files">
      <UniqueIdentifier>{67DA6AB6-F800-4c08-8B7A-83BB121AAD01}</UniqueIdentifier>
      <Extensions>rc;ico;cur;bmp;dlg;rc2;rct;bin;rgs;gif;jpg;jpeg;jpe;resx;tiff;tif;png;wav</Extensions>
    </Filter>
  </ItemGroup>
  <ItemGroup>
    <ClCompile Include="boolean.cpp">
      <Filter>Source Files</Filter>
    </ClCompile>
    <ClCompile Include="box.cpp">
      <Filter>Source Files</Filter>
    </ClCompile>
    <ClCompile Include="camera.cpp">
      <Filter>Source Files</Filter>
    </ClCompile>
    <ClCompile Include="dump_png.cpp">
      <Filter>Source Files</Filter>
    </ClCompile>
    <ClCompile Include="flat_shader.cpp">
      <Filter>Source Files</Filter>
    </ClCompile>
    <ClCompile Include="hit.cpp">
      <Filter>Source Files</Filter>
    </ClCompile>
    <ClCompile Include="main.cpp">
      <Filter>Source Files</Filter>
    </ClCompile>
    <ClCompile Include="parse.cpp">
      <Filter>Source Files</Filter>
    </ClCompile>
    <ClCompile Include="phong_shader.cpp">
      <Filter>Source Files</Filter>
    </ClCompile>
    <ClCompile Include="plane.cpp">
      <Filter>Source Files</Filter>
    </ClCompile>
    <ClCompile Include="reflective_shader.cpp">
      <Filter>Source Files</Filter>
    </ClCompile>
    <ClCompile Include="render_world.cpp">
      <Filter>Source Files</Filter>
    </ClCompile>
    <ClCompile Include="sphere.cpp">
      <Filter>Source Files</Filter>
    </ClCompile>
    <ClCompile Include="torus.cpp">
      <Filter>Source Files</Filter>
    </ClCompile>
    <ClCompile Include="transform.cpp">
      <Filter>Source Files</Filter>
    </ClCompile>
    <ClCompile Include="out\build\x64-debug\cmakefiles\3.17.20032601-msvc_2\compileridc\CMakeCCompilerId.c">
      <Filter>Source Files</Filter>
    </ClCompile>
    <ClCompile Include="out\build\x64-debug\cmakefiles\3.17.20032601-msvc_2\compileridcxx\CMakeCXXCompilerId.cpp">
      <Filter>Source Files</Filter>
    </ClCompile>
    <ClCompile Include="out\build\x64-debug\cmakefiles\showincludes\main.c">
      <Filter>Source Files</Filter>
    </ClCompile>
    <ClCompile Include="out\build\x64-debug (默认值)\cmakefiles\3.17.20032601-msvc_2\compileridc\CMakeCCompilerId.c">
      <Filter>Source Files</Filter>
    </ClCompile>
    <ClCompile Include="out\build\x64-debug (默认值)\cmakefiles\3.17.20032601-msvc_2\compileridcxx\CMakeCXXCompilerId.cpp">
      <Filter>Source Files</Filter>
    </ClCompile>
    <ClCompile Include="out\build\x64-debug (默认值)\cmakefiles\showincludes\main.c">
      <Filter>Source Files</Filter>
    </ClCompile>
  </ItemGroup>
  <ItemGroup>
    <ClInclude Include="boolean.h">
      <Filter>Header Files</Filter>
    </ClInclude>
    <ClInclude Include="box.h">
      <Filter>Header Files</Filter>
    </ClInclude>
    <ClInclude Include="camera.h">
      <Filter>Header Files</Filter>
    </ClInclude>
    <ClInclude Include="direction_light.h">
      <Filter>Header Files</Filter>
    </ClInclude>
    <ClInclude Include="flat_shader.h">
      <Filter>Header Files</Filter>
    </ClInclude>
    <ClInclude Include="hit.h">
      <Filter>Header Files</Filter>
    </ClInclude>
    <ClInclude Include="light.h">
      <Filter>Header Files</Filter>
    </ClInclude>
    <ClInclude Include="mat.h">
      <Filter>Header Files</Filter>
    </ClInclude>
    <ClInclude Include="misc.h">
      <Filter>Header Files</Filter>
    </ClInclude>
    <ClInclude Include="object.h">
      <Filter>Header Files</Filter>
    </ClInclude>
    <ClInclude Include="phong_shader.h">
      <Filter>Header Files</Filter>
    </ClInclude>
    <ClInclude Include="plane.h">
      <Filter>Header Files</Filter>
    </ClInclude>
    <ClInclude Include="point_light.h">
      <Filter>Header Files</Filter>
    </ClInclude>
    <ClInclude Include="ray.h">
      <Filter>Header Files</Filter>
    </ClInclude>
    <ClInclude Include="reflective_shader.h">
      <Filter>Header Files</Filter>
    </ClInclude>
    <ClInclude Include="render_world.h">
      <Filter>Header Files</Filter>
    </ClInclude>
    <ClInclude Include="shader.h">
      <Filter>Header Files</Filter>
    </ClInclude>
    <ClInclude Include="sphere.h">
      <Filter>Header Files</Filter>
    </ClInclude>
    <ClInclude Include="spot_light.h">
      <Filter>Header Files</Filter>
    </ClInclude>
    <ClInclude Include="torus.h">
      <Filter>Header Files</Filter>
    </ClInclude>
    <ClInclude Include="transform.h">
      <Filter>Header Files</Filter>
    </ClInclude>
    <ClInclude Include="vec.h">
      <Filter>Header Files</Filter>
    </ClInclude>
    <ClInclude Include="out\build\x64-debug\cmakefiles\showincludes\foo.h">
      <Filter>Header Files</Filter>
    </ClInclude>
    <ClInclude Include="out\build\x64-debug (默认值)\cmakefiles\showincludes\foo.h">
      <Filter>Header Files</Filter>
    </ClInclude>
  </ItemGroup>
  <ItemGroup>
    <None Include="out\build\x64-debug\cmakefiles\3.17.20032601-msvc_2\CMakeDetermineCompilerABI_C.bin">
      <Filter>Resource Files</Filter>
    </None>
    <None Include="out\build\x64-debug\cmakefiles\3.17.20032601-msvc_2\CMakeDetermineCompilerABI_CXX.bin">
      <Filter>Resource Files</Filter>
    </None>
    <None Include="out\build\x64-debug (默认值)\cmakefiles\3.17.20032601-msvc_2\CMakeDetermineCompilerABI_C.bin">
      <Filter>Resource Files</Filter>
    </None>
    <None Include="out\build\x64-debug (默认值)\cmakefiles\3.17.20032601-msvc_2\CMakeDetermineCompilerABI_CXX.bin">
      <Filter>Resource Files</Filter>
    </None>
  </ItemGroup>
</Project>